{
  "version": 4,
  "terraform_version": "1.10.5",
  "serial": 113,
  "lineage": "d435e992-4c95-7906-cd5d-e19037bacdb6",
  "outputs": {},
  "resources": [
    {
      "mode": "data",
      "type": "aws_route53_zone",
      "name": "selected",
      "provider": "provider[\"registry.terraform.io/hashicorp/aws\"]",
      "instances": [
        {
          "schema_version": 0,
          "attributes": {
            "arn": "arn:aws:route53:::hostedzone/Z0816052392X1VJLPAZJD",
            "caller_reference": "RISWorkflow-RD:7937f8af-fa4f-4310-aa55-f8983bf8d8dd",
            "comment": "HostedZone created by Route53 Registrar",
            "id": "Z0816052392X1VJLPAZJD",
            "linked_service_description": null,
            "linked_service_principal": null,
            "name": "babasanmiadeyemiportfolio.com",
            "name_servers": [
              "ns-779.awsdns-33.net",
              "ns-1839.awsdns-37.co.uk",
              "ns-1391.awsdns-45.org",
              "ns-222.awsdns-27.com"
            ],
            "primary_name_server": "ns-779.awsdns-33.net",
            "private_zone": false,
            "resource_record_set_count": 3,
            "tags": {},
            "vpc_id": null,
            "zone_id": "Z0816052392X1VJLPAZJD"
          },
          "sensitive_attributes": []
        }
      ]
    },
    {
      "mode": "managed",
      "type": "local_file",
      "name": "script_file",
      "provider": "provider[\"registry.terraform.io/hashicorp/local\"]",
      "instances": [
        {
          "schema_version": 0,
          "attributes": {
            "content": "// main.js\r\n\r\n// Replace with your actual API Gateway URL\r\nconst apiUrl = \"https://c7y6ia1msl.execute-api.us-east-2.amazonaws.com/prod/data\";\r\n\r\n// Initialize the chart using Chart.js\r\nconst ctx = document.getElementById('dataChart').getContext('2d');\r\nlet chart = new Chart(ctx, {\r\n  type: 'bar',\r\n  data: {\r\n    labels: ['Value'],\r\n    datasets: [{\r\n      label: 'Dynamic Value',\r\n      data: [0],\r\n      backgroundColor: 'rgba(75, 192, 192, 0.2)',\r\n      borderColor: 'rgba(75, 192, 192, 1)',\r\n      borderWidth: 1\r\n    }]\r\n  },\r\n  options: {\r\n    scales: {\r\n      y: { beginAtZero: true }\r\n    }\r\n  }\r\n});\r\n\r\n// Function to fetch JSON data from your API and update the chart\r\nasync function updateChart() {\r\n  try {\r\n    const response = await fetch(apiUrl);\r\n    const result = await response.json();\r\n    // Assuming your JSON response has a property \"value\"\r\n    chart.data.datasets[0].data[0] = result.value;\r\n    chart.update();\r\n  } catch (error) {\r\n    console.error('Error fetching data:', error);\r\n  }\r\n}\r\n\r\n// Update the chart\r\nupdateChart();\r\n",
            "content_base64": null,
            "content_base64sha256": "M1iiXdBpuqTqOet7L++ddT5cwdduGYbsnx4B+1FRnr4=",
            "content_base64sha512": "6XWKKn1qPAJ+NUy8mY5dSyNsOgm3EJ6l11LsJHOH/+zxf2PdDzYJbq4lyUekHR2gdPADHrMZcsIwnBroF3a4SA==",
            "content_md5": "5e9551826e4321fc1360a8ac423d4d2a",
            "content_sha1": "7d24ccd24013ee087e7c3e31ecf760a02526f08d",
            "content_sha256": "3358a25dd069baa4ea39eb7b2fef9d753e5cc1d76e1986ec9f1e01fb51519ebe",
            "content_sha512": "e9758a2a7d6a3c027e354cbc998e5d4b236c3a09b7109ea5d752ec247387ffecf17f63dd0f36096eae25c947a41d1da074f0031eb31972c2309c1ae81776b848",
            "directory_permission": "0777",
            "file_permission": "0777",
            "filename": "../app/interactive/scripts/main.js",
            "id": "7d24ccd24013ee087e7c3e31ecf760a02526f08d",
            "sensitive_content": null,
            "source": null
          },
          "sensitive_attributes": [
            [
              {
                "type": "get_attr",
                "value": "sensitive_content"
              }
            ]
          ],
          "dependencies": [
            "module.api_gateway.aws_api_gateway_rest_api.data_api",
            "module.cloudfront.aws_cloudfront_distribution.static_site_distribution",
            "module.cloudfront.aws_cloudfront_origin_access_identity.oai",
            "module.s3.aws_s3_bucket.website_bucket",
            "random_integer.random_id"
          ]
        }
      ]
    },
    {
      "module": "module.api_gateway",
      "mode": "managed",
      "type": "aws_api_gateway_deployment",
      "name": "api_deployment",
      "provider": "provider[\"registry.terraform.io/hashicorp/aws\"]",
      "instances": [
        {
          "schema_version": 0,
          "attributes": {
            "created_date": "2025-02-24T15:47:29Z",
            "description": "",
            "execution_arn": "arn:aws:execute-api:us-east-2:REDACTED_AWS_ACCOUNT:c7y6ia1msl/",
            "id": "w8xf2t",
            "invoke_url": "https://c7y6ia1msl.execute-api.us-east-2.amazonaws.com/",
            "rest_api_id": "c7y6ia1msl",
            "stage_description": null,
            "stage_name": null,
            "triggers": {
              "redeployment": "fcba2a983eb9e03914082d2f1430a0fcf1d57fc6"
            },
            "variables": null
          },
          "sensitive_attributes": [],
          "private": "bnVsbA==",
          "dependencies": [
            "module.api_gateway.aws_api_gateway_integration.lambda_integration",
            "module.api_gateway.aws_api_gateway_method.get_data",
            "module.api_gateway.aws_api_gateway_resource.data_resource",
            "module.api_gateway.aws_api_gateway_rest_api.data_api",
            "module.iam.aws_iam_role.lambda_exec_role",
            "module.lambda.aws_lambda_function.data_processor",
            "module.s3.aws_s3_bucket.website_bucket",
            "random_integer.random_id"
          ],
          "create_before_destroy": true
        }
      ]
    },
    {
      "module": "module.api_gateway",
      "mode": "managed",
      "type": "aws_api_gateway_integration",
      "name": "lambda_integration",
      "provider": "provider[\"registry.terraform.io/hashicorp/aws\"]",
      "instances": [
        {
          "schema_version": 0,
          "attributes": {
            "cache_key_parameters": [],
            "cache_namespace": "vwszda",
            "connection_id": "",
            "connection_type": "INTERNET",
            "content_handling": "",
            "credentials": "",
            "http_method": "GET",
            "id": "agi-c7y6ia1msl-vwszda-GET",
            "integration_http_method": "POST",
            "passthrough_behavior": "WHEN_NO_MATCH",
            "request_parameters": {},
            "request_templates": {},
            "resource_id": "vwszda",
            "rest_api_id": "c7y6ia1msl",
            "timeout_milliseconds": 29000,
            "tls_config": [],
            "type": "AWS_PROXY",
            "uri": "arn:aws:apigateway:us-east-2:lambda:path/2015-03-31/functions/arn:aws:lambda:us-east-2:REDACTED_AWS_ACCOUNT:function:portfolio-prod-lambda-function/invocations"
          },
          "sensitive_attributes": [],
          "private": "bnVsbA==",
          "dependencies": [
            "module.api_gateway.aws_api_gateway_method.get_data",
            "module.api_gateway.aws_api_gateway_resource.data_resource",
            "module.api_gateway.aws_api_gateway_rest_api.data_api",
            "module.iam.aws_iam_role.lambda_exec_role",
            "module.lambda.aws_lambda_function.data_processor",
            "module.s3.aws_s3_bucket.website_bucket",
            "random_integer.random_id"
          ],
          "create_before_destroy": true
        }
      ]
    },
    {
      "module": "module.api_gateway",
      "mode": "managed",
      "type": "aws_api_gateway_method",
      "name": "get_data",
      "provider": "provider[\"registry.terraform.io/hashicorp/aws\"]",
      "instances": [
        {
          "schema_version": 0,
          "attributes": {
            "api_key_required": false,
            "authorization": "NONE",
            "authorization_scopes": [],
            "authorizer_id": "",
            "http_method": "GET",
            "id": "agm-c7y6ia1msl-vwszda-GET",
            "operation_name": "",
            "request_models": {},
            "request_parameters": {},
            "request_validator_id": "",
            "resource_id": "vwszda",
            "rest_api_id": "c7y6ia1msl"
          },
          "sensitive_attributes": [],
          "private": "bnVsbA==",
          "dependencies": [
            "module.api_gateway.aws_api_gateway_resource.data_resource",
            "module.api_gateway.aws_api_gateway_rest_api.data_api"
          ],
          "create_before_destroy": true
        }
      ]
    },
    {
      "module": "module.api_gateway",
      "mode": "managed",
      "type": "aws_api_gateway_resource",
      "name": "data_resource",
      "provider": "provider[\"registry.terraform.io/hashicorp/aws\"]",
      "instances": [
        {
          "schema_version": 0,
          "attributes": {
            "id": "vwszda",
            "parent_id": "zya0l43gq6",
            "path": "/data",
            "path_part": "data",
            "rest_api_id": "c7y6ia1msl"
          },
          "sensitive_attributes": [],
          "private": "bnVsbA==",
          "dependencies": [
            "module.api_gateway.aws_api_gateway_rest_api.data_api"
          ],
          "create_before_destroy": true
        }
      ]
    },
    {
      "module": "module.api_gateway",
      "mode": "managed",
      "type": "aws_api_gateway_rest_api",
      "name": "data_api",
      "provider": "provider[\"registry.terraform.io/hashicorp/aws\"]",
      "instances": [
        {
          "schema_version": 0,
          "attributes": {
            "api_key_source": "HEADER",
            "arn": "arn:aws:apigateway:us-east-2::/restapis/c7y6ia1msl",
            "binary_media_types": [],
            "body": null,
            "created_date": "2025-02-24T15:47:13Z",
            "description": "",
            "disable_execute_api_endpoint": false,
            "endpoint_configuration": [
              {
                "types": [
                  "EDGE"
                ],
                "vpc_endpoint_ids": []
              }
            ],
            "execution_arn": "arn:aws:execute-api:us-east-2:REDACTED_AWS_ACCOUNT:c7y6ia1msl",
            "fail_on_warnings": null,
            "id": "c7y6ia1msl",
            "minimum_compression_size": -1,
            "name": "portfolio-prod-api-gateway",
            "parameters": null,
            "policy": "",
            "put_rest_api_mode": null,
            "root_resource_id": "zya0l43gq6",
            "tags": {},
            "tags_all": {}
          },
          "sensitive_attributes": [],
          "private": "bnVsbA==",
          "create_before_destroy": true
        }
      ]
    },
    {
      "module": "module.api_gateway",
      "mode": "managed",
      "type": "aws_api_gateway_stage",
      "name": "api_stage",
      "provider": "provider[\"registry.terraform.io/hashicorp/aws\"]",
      "instances": [
        {
          "schema_version": 0,
          "attributes": {
            "access_log_settings": [],
            "arn": "arn:aws:apigateway:us-east-2::/restapis/c7y6ia1msl/stages/prod",
            "cache_cluster_enabled": false,
            "cache_cluster_size": "",
            "canary_settings": [],
            "client_certificate_id": "",
            "deployment_id": "w8xf2t",
            "description": "Production stage",
            "documentation_version": "",
            "execution_arn": "arn:aws:execute-api:us-east-2:REDACTED_AWS_ACCOUNT:c7y6ia1msl/prod",
            "id": "ags-c7y6ia1msl-prod",
            "invoke_url": "https://c7y6ia1msl.execute-api.us-east-2.amazonaws.com/prod",
            "rest_api_id": "c7y6ia1msl",
            "stage_name": "prod",
            "tags": {},
            "tags_all": {},
            "variables": {
              "lambda_function_name": "portfolio-prod-lambda-function"
            },
            "web_acl_arn": "",
            "xray_tracing_enabled": false
          },
          "sensitive_attributes": [],
          "private": "bnVsbA==",
          "dependencies": [
            "module.api_gateway.aws_api_gateway_deployment.api_deployment",
            "module.api_gateway.aws_api_gateway_integration.lambda_integration",
            "module.api_gateway.aws_api_gateway_method.get_data",
            "module.api_gateway.aws_api_gateway_resource.data_resource",
            "module.api_gateway.aws_api_gateway_rest_api.data_api",
            "module.iam.aws_iam_role.lambda_exec_role",
            "module.lambda.aws_lambda_function.data_processor",
            "module.s3.aws_s3_bucket.website_bucket",
            "random_integer.random_id"
          ]
        }
      ]
    },
    {
      "module": "module.cloudfront",
      "mode": "managed",
      "type": "aws_cloudfront_distribution",
      "name": "static_site_distribution",
      "provider": "provider[\"registry.terraform.io/hashicorp/aws\"]",
      "instances": [
        {
          "schema_version": 1,
          "attributes": {
            "aliases": [
              "babasanmiadeyemiportfolio.com"
            ],
            "arn": "arn:aws:cloudfront::REDACTED_AWS_ACCOUNT:distribution/E5CWJZ37O9449",
            "caller_reference": "terraform-20250224154715372400000002",
            "comment": null,
            "custom_error_response": [],
            "default_cache_behavior": [
              {
                "allowed_methods": [
                  "GET",
                  "HEAD",
                  "OPTIONS"
                ],
                "cache_policy_id": "",
                "cached_methods": [
                  "GET",
                  "HEAD",
                  "OPTIONS"
                ],
                "compress": false,
                "default_ttl": 86400,
                "field_level_encryption_id": "",
                "forwarded_values": [
                  {
                    "cookies": [
                      {
                        "forward": "none",
                        "whitelisted_names": []
                      }
                    ],
                    "headers": [],
                    "query_string": false,
                    "query_string_cache_keys": []
                  }
                ],
                "function_association": [],
                "lambda_function_association": [],
                "max_ttl": 31536000,
                "min_ttl": 0,
                "origin_request_policy_id": "",
                "realtime_log_config_arn": "",
                "response_headers_policy_id": "",
                "smooth_streaming": false,
                "target_origin_id": "portfolio-prod-s3-bucket-9440",
                "trusted_key_groups": [],
                "trusted_signers": [],
                "viewer_protocol_policy": "allow-all"
              }
            ],
            "default_root_object": "index.html",
            "domain_name": "dth170t4mh0e2.cloudfront.net",
            "enabled": true,
            "etag": "EZ1V9FC3G7IPK",
            "hosted_zone_id": "Z2FDTNDATAQYW2",
            "http_version": "http2",
            "id": "E5CWJZ37O9449",
            "in_progress_validation_batches": 0,
            "is_ipv6_enabled": true,
            "last_modified_time": "2025-02-24 23:38:37.11 +0000 UTC",
            "logging_config": [],
            "ordered_cache_behavior": [
              {
                "allowed_methods": [
                  "GET",
                  "HEAD",
                  "OPTIONS"
                ],
                "cache_policy_id": "",
                "cached_methods": [
                  "GET",
                  "HEAD",
                  "OPTIONS"
                ],
                "compress": false,
                "default_ttl": 86400,
                "field_level_encryption_id": "",
                "forwarded_values": [
                  {
                    "cookies": [
                      {
                        "forward": "none",
                        "whitelisted_names": []
                      }
                    ],
                    "headers": [],
                    "query_string": false,
                    "query_string_cache_keys": []
                  }
                ],
                "function_association": [],
                "lambda_function_association": [],
                "max_ttl": 100000,
                "min_ttl": 80000,
                "origin_request_policy_id": "",
                "path_pattern": "data/spotify_data.json",
                "realtime_log_config_arn": "",
                "response_headers_policy_id": "",
                "smooth_streaming": false,
                "target_origin_id": "portfolio-prod-s3-bucket-9440",
                "trusted_key_groups": [],
                "trusted_signers": [],
                "viewer_protocol_policy": "redirect-to-https"
              }
            ],
            "origin": [
              {
                "connection_attempts": 3,
                "connection_timeout": 10,
                "custom_header": [],
                "custom_origin_config": [],
                "domain_name": "portfolio-prod-bucket-9440.s3.us-east-2.amazonaws.com",
                "origin_access_control_id": "",
                "origin_id": "portfolio-prod-s3-bucket-9440",
                "origin_path": "",
                "origin_shield": [],
                "s3_origin_config": [
                  {
                    "origin_access_identity": "origin-access-identity/cloudfront/ESXKZKPEL3RZF"
                  }
                ]
              }
            ],
            "origin_group": [],
            "price_class": "PriceClass_All",
            "restrictions": [
              {
                "geo_restriction": [
                  {
                    "locations": [],
                    "restriction_type": "none"
                  }
                ]
              }
            ],
            "retain_on_delete": false,
            "status": "Deployed",
            "tags": {},
            "tags_all": {},
            "trusted_key_groups": [
              {
                "enabled": false,
                "items": []
              }
            ],
            "trusted_signers": [
              {
                "enabled": false,
                "items": []
              }
            ],
            "viewer_certificate": [
              {
                "acm_certificate_arn": "",
                "cloudfront_default_certificate": true,
                "iam_certificate_id": "",
                "minimum_protocol_version": "TLSv1",
                "ssl_support_method": ""
              }
            ],
            "wait_for_deployment": true,
            "web_acl_id": ""
          },
          "sensitive_attributes": [],
          "private": "eyJzY2hlbWFfdmVyc2lvbiI6IjEifQ==",
          "dependencies": [
            "module.cloudfront.aws_cloudfront_origin_access_identity.oai",
            "module.s3.aws_s3_bucket.website_bucket",
            "random_integer.random_id"
          ]
        }
      ]
    },
    {
      "module": "module.cloudfront",
      "mode": "managed",
      "type": "aws_cloudfront_origin_access_identity",
      "name": "oai",
      "provider": "provider[\"registry.terraform.io/hashicorp/aws\"]",
      "instances": [
        {
          "schema_version": 0,
          "attributes": {
            "caller_reference": "terraform-20250224154713805200000001",
            "cloudfront_access_identity_path": "origin-access-identity/cloudfront/ESXKZKPEL3RZF",
            "comment": "OAI for static site distribution",
            "etag": "E31W7PTDSIMEXK",
            "iam_arn": "arn:aws:iam::cloudfront:user/CloudFront Origin Access Identity ESXKZKPEL3RZF",
            "id": "ESXKZKPEL3RZF",
            "s3_canonical_user_id": "0be2c4e5e19af64d90f892639dad58c6ad8866fccbe371f860123e609797aa22e0688ac3accd6bbd4d1bb39a5532d4be"
          },
          "sensitive_attributes": [],
          "private": "bnVsbA=="
        }
      ]
    },
    {
      "module": "module.iam",
      "mode": "managed",
      "type": "aws_iam_role",
      "name": "lambda_exec_role",
      "provider": "provider[\"registry.terraform.io/hashicorp/aws\"]",
      "instances": [
        {
          "schema_version": 0,
          "attributes": {
            "arn": "arn:aws:iam::REDACTED_AWS_ACCOUNT:role/portfolio-prod-iam-role",
            "assume_role_policy": "{\"Statement\":[{\"Action\":\"sts:AssumeRole\",\"Effect\":\"Allow\",\"Principal\":{\"Service\":\"lambda.amazonaws.com\"}}],\"Version\":\"2012-10-17\"}",
            "create_date": "2025-02-24T15:47:13Z",
            "description": "",
            "force_detach_policies": false,
            "id": "portfolio-prod-iam-role",
            "inline_policy": [
              {
                "name": "lambda_policy",
                "policy": "{\"Version\":\"2012-10-17\",\"Statement\":[{\"Action\":[\"logs:CreateLogGroup\",\"logs:CreateLogStream\",\"logs:PutLogEvents\"],\"Effect\":\"Allow\",\"Resource\":\"arn:aws:logs:*:*:*\"},{\"Action\":[\"s3:PutObject\",\"s3:GetObject\",\"s3:ListBucket\"],\"Effect\":\"Allow\",\"Resource\":[\"arn:aws:s3:::portfolio-prod-bucket-9440\",\"arn:aws:s3:::portfolio-prod-bucket-9440/*\"]},{\"Action\":[\"secretsmanager:GetSecretValue\"],\"Effect\":\"Allow\",\"Resource\":\"*\"}]}"
              }
            ],
            "managed_policy_arns": [],
            "max_session_duration": 3600,
            "name": "portfolio-prod-iam-role",
            "name_prefix": "",
            "path": "/",
            "permissions_boundary": null,
            "role_last_used": [
              {
                "last_used_date": "2025-02-24T15:48:05Z",
                "region": "us-east-2"
              }
            ],
            "tags": {},
            "tags_all": {},
            "unique_id": "AROAZ5TC42W6Y56K6CIIA"
          },
          "sensitive_attributes": [],
          "private": "bnVsbA==",
          "create_before_destroy": true
        }
      ]
    },
    {
      "module": "module.iam",
      "mode": "managed",
      "type": "aws_iam_role_policy",
      "name": "lambda_policy",
      "provider": "provider[\"registry.terraform.io/hashicorp/aws\"]",
      "instances": [
        {
          "schema_version": 0,
          "attributes": {
            "id": "portfolio-prod-iam-role:lambda_policy",
            "name": "lambda_policy",
            "name_prefix": null,
            "policy": "{\"Version\":\"2012-10-17\",\"Statement\":[{\"Action\":[\"logs:CreateLogGroup\",\"logs:CreateLogStream\",\"logs:PutLogEvents\"],\"Effect\":\"Allow\",\"Resource\":\"arn:aws:logs:*:*:*\"},{\"Action\":[\"s3:PutObject\",\"s3:GetObject\",\"s3:ListBucket\"],\"Effect\":\"Allow\",\"Resource\":[\"arn:aws:s3:::portfolio-prod-bucket-9440\",\"arn:aws:s3:::portfolio-prod-bucket-9440/*\"]},{\"Action\":[\"secretsmanager:GetSecretValue\"],\"Effect\":\"Allow\",\"Resource\":\"*\"}]}",
            "role": "portfolio-prod-iam-role"
          },
          "sensitive_attributes": [],
          "private": "bnVsbA==",
          "dependencies": [
            "module.iam.aws_iam_role.lambda_exec_role",
            "module.s3.aws_s3_bucket.website_bucket",
            "random_integer.random_id"
          ]
        }
      ]
    },
    {
      "module": "module.lambda",
      "mode": "managed",
      "type": "aws_lambda_function",
      "name": "data_processor",
      "provider": "provider[\"registry.terraform.io/hashicorp/aws\"]",
      "instances": [
        {
          "schema_version": 0,
          "attributes": {
            "architectures": [
              "x86_64"
            ],
            "arn": "arn:aws:lambda:us-east-2:REDACTED_AWS_ACCOUNT:function:portfolio-prod-lambda-function",
            "code_signing_config_arn": "",
            "dead_letter_config": [],
            "description": "",
            "environment": [
              {
                "variables": {
                  "S3_BUCKET_NAME": "portfolio-prod-bucket-9440",
                  "SECRET_NAME": "SpotifyCredentials"
                }
              }
            ],
            "ephemeral_storage": [
              {
                "size": 512
              }
            ],
            "file_system_config": [],
            "filename": "../lambda/lambda_function.zip",
            "function_name": "portfolio-prod-lambda-function",
            "handler": "lambda_function.lambda_handler",
            "id": "portfolio-prod-lambda-function",
            "image_config": [],
            "image_uri": "",
            "invoke_arn": "arn:aws:apigateway:us-east-2:lambda:path/2015-03-31/functions/arn:aws:lambda:us-east-2:REDACTED_AWS_ACCOUNT:function:portfolio-prod-lambda-function/invocations",
            "kms_key_arn": "",
            "last_modified": "2025-02-24T15:47:23.557+0000",
            "layers": [],
            "memory_size": 128,
            "package_type": "Zip",
            "publish": false,
            "qualified_arn": "arn:aws:lambda:us-east-2:REDACTED_AWS_ACCOUNT:function:portfolio-prod-lambda-function:$LATEST",
            "qualified_invoke_arn": "arn:aws:apigateway:us-east-2:lambda:path/2015-03-31/functions/arn:aws:lambda:us-east-2:REDACTED_AWS_ACCOUNT:function:portfolio-prod-lambda-function:$LATEST/invocations",
            "replace_security_groups_on_destroy": null,
            "replacement_security_group_ids": null,
            "reserved_concurrent_executions": -1,
            "role": "arn:aws:iam::REDACTED_AWS_ACCOUNT:role/portfolio-prod-iam-role",
            "runtime": "python3.8",
            "s3_bucket": null,
            "s3_key": null,
            "s3_object_version": null,
            "signing_job_arn": "",
            "signing_profile_version_arn": "",
            "skip_destroy": false,
            "snap_start": [],
            "source_code_hash": "0i2aphl9szn1xXqETkC5KLjRb0K0TXEP5A1MLhqByaU=",
            "source_code_size": 1399,
            "tags": {},
            "tags_all": {},
            "timeout": 300,
            "timeouts": null,
            "tracing_config": [
              {
                "mode": "PassThrough"
              }
            ],
            "version": "$LATEST",
            "vpc_config": []
          },
          "sensitive_attributes": [],
          "private": "eyJlMmJmYjczMC1lY2FhLTExZTYtOGY4OC0zNDM2M2JjN2M0YzAiOnsiY3JlYXRlIjo2MDAwMDAwMDAwMDAsImRlbGV0ZSI6NjAwMDAwMDAwMDAwLCJ1cGRhdGUiOjYwMDAwMDAwMDAwMH19",
          "dependencies": [
            "module.iam.aws_iam_role.lambda_exec_role",
            "module.s3.aws_s3_bucket.website_bucket",
            "random_integer.random_id"
          ],
          "create_before_destroy": true
        }
      ]
    },
    {
      "module": "module.lambda",
      "mode": "managed",
      "type": "aws_lambda_permission",
      "name": "api_gw",
      "provider": "provider[\"registry.terraform.io/hashicorp/aws\"]",
      "instances": [
        {
          "schema_version": 0,
          "attributes": {
            "action": "lambda:InvokeFunction",
            "event_source_token": null,
            "function_name": "portfolio-prod-lambda-function",
            "function_url_auth_type": null,
            "id": "AllowAPIGatewayInvoke",
            "principal": "apigateway.amazonaws.com",
            "principal_org_id": null,
            "qualifier": "",
            "source_account": null,
            "source_arn": "arn:aws:apigateway:us-east-2::/restapis/c7y6ia1msl/*/*",
            "statement_id": "AllowAPIGatewayInvoke",
            "statement_id_prefix": ""
          },
          "sensitive_attributes": [],
          "private": "bnVsbA==",
          "dependencies": [
            "module.api_gateway.aws_api_gateway_rest_api.data_api",
            "module.iam.aws_iam_role.lambda_exec_role",
            "module.lambda.aws_lambda_function.data_processor",
            "module.s3.aws_s3_bucket.website_bucket",
            "random_integer.random_id"
          ]
        }
      ]
    },
    {
      "module": "module.route53",
      "mode": "managed",
      "type": "aws_route53_record",
      "name": "static_site_record",
      "provider": "provider[\"registry.terraform.io/hashicorp/aws\"]",
      "instances": [
        {
          "schema_version": 2,
          "attributes": {
            "alias": [
              {
                "evaluate_target_health": false,
                "name": "dth170t4mh0e2.cloudfront.net",
                "zone_id": "Z2FDTNDATAQYW2"
              }
            ],
            "allow_overwrite": null,
            "cidr_routing_policy": [],
            "failover_routing_policy": [],
            "fqdn": "babasanmiadeyemiportfolio.com",
            "geolocation_routing_policy": [],
            "health_check_id": "",
            "id": "Z0816052392X1VJLPAZJD_babasanmiadeyemiportfolio.com_A",
            "latency_routing_policy": [],
            "multivalue_answer_routing_policy": false,
            "name": "babasanmiadeyemiportfolio.com",
            "records": [],
            "set_identifier": "",
            "ttl": 0,
            "type": "A",
            "weighted_routing_policy": [],
            "zone_id": "Z0816052392X1VJLPAZJD"
          },
          "sensitive_attributes": [],
          "private": "eyJzY2hlbWFfdmVyc2lvbiI6IjIifQ==",
          "dependencies": [
            "data.aws_route53_zone.selected",
            "module.cloudfront.aws_cloudfront_distribution.static_site_distribution",
            "module.cloudfront.aws_cloudfront_origin_access_identity.oai",
            "module.s3.aws_s3_bucket.website_bucket",
            "random_integer.random_id"
          ]
        }
      ]
    },
    {
      "module": "module.s3",
      "mode": "managed",
      "type": "aws_s3_bucket",
      "name": "website_bucket",
      "provider": "provider[\"registry.terraform.io/hashicorp/aws\"]",
      "instances": [
        {
          "schema_version": 0,
          "attributes": {
            "acceleration_status": "",
            "acl": null,
            "arn": "arn:aws:s3:::portfolio-prod-bucket-9440",
            "bucket": "portfolio-prod-bucket-9440",
            "bucket_domain_name": "portfolio-prod-bucket-9440.s3.amazonaws.com",
            "bucket_prefix": "",
            "bucket_regional_domain_name": "portfolio-prod-bucket-9440.s3.us-east-2.amazonaws.com",
            "cors_rule": [],
            "force_destroy": false,
            "grant": [
              {
                "id": "4a7c65b3f9ef67b306fb733cc85218c1af90ebd1be6e38e46d3e0e1a8b1f76f3",
                "permissions": [
                  "FULL_CONTROL"
                ],
                "type": "CanonicalUser",
                "uri": ""
              }
            ],
            "hosted_zone_id": "Z2O1EMRO9K5GLX",
            "id": "portfolio-prod-bucket-9440",
            "lifecycle_rule": [],
            "logging": [],
            "object_lock_configuration": [],
            "object_lock_enabled": false,
            "policy": "{\"Statement\":[{\"Action\":\"s3:GetObject\",\"Effect\":\"Allow\",\"Principal\":{\"AWS\":\"arn:aws:iam::cloudfront:user/CloudFront Origin Access Identity ESXKZKPEL3RZF\"},\"Resource\":\"arn:aws:s3:::portfolio-prod-bucket-9440/*\",\"Sid\":\"AllowCloudFrontAccess\"}],\"Version\":\"2012-10-17\"}",
            "region": "us-east-2",
            "replication_configuration": [],
            "request_payer": "BucketOwner",
            "server_side_encryption_configuration": [
              {
                "rule": [
                  {
                    "apply_server_side_encryption_by_default": [
                      {
                        "kms_master_key_id": "",
                        "sse_algorithm": "AES256"
                      }
                    ],
                    "bucket_key_enabled": false
                  }
                ]
              }
            ],
            "tags": {},
            "tags_all": {},
            "timeouts": null,
            "versioning": [
              {
                "enabled": false,
                "mfa_delete": false
              }
            ],
            "website": [],
            "website_domain": null,
            "website_endpoint": null
          },
          "sensitive_attributes": [],
          "private": "eyJlMmJmYjczMC1lY2FhLTExZTYtOGY4OC0zNDM2M2JjN2M0YzAiOnsiY3JlYXRlIjoxMjAwMDAwMDAwMDAwLCJkZWxldGUiOjM2MDAwMDAwMDAwMDAsInJlYWQiOjEyMDAwMDAwMDAwMDAsInVwZGF0ZSI6MTIwMDAwMDAwMDAwMH19",
          "dependencies": [
            "random_integer.random_id"
          ],
          "create_before_destroy": true
        }
      ]
    },
    {
      "module": "module.s3",
      "mode": "managed",
      "type": "aws_s3_bucket_ownership_controls",
      "name": "static_site_ownership",
      "provider": "provider[\"registry.terraform.io/hashicorp/aws\"]",
      "instances": [
        {
          "schema_version": 0,
          "attributes": {
            "bucket": "portfolio-prod-bucket-9440",
            "id": "portfolio-prod-bucket-9440",
            "rule": [
              {
                "object_ownership": "BucketOwnerPreferred"
              }
            ]
          },
          "sensitive_attributes": [],
          "private": "bnVsbA==",
          "dependencies": [
            "module.s3.aws_s3_bucket.website_bucket",
            "random_integer.random_id"
          ]
        }
      ]
    },
    {
      "module": "module.s3",
      "mode": "managed",
      "type": "aws_s3_bucket_policy",
      "name": "static_site_policy",
      "provider": "provider[\"registry.terraform.io/hashicorp/aws\"]",
      "instances": [
        {
          "schema_version": 0,
          "attributes": {
            "bucket": "portfolio-prod-bucket-9440",
            "id": "portfolio-prod-bucket-9440",
            "policy": "{\"Statement\":[{\"Action\":\"s3:GetObject\",\"Effect\":\"Allow\",\"Principal\":{\"CanonicalUser\":\"0be2c4e5e19af64d90f892639dad58c6ad8866fccbe371f860123e609797aa22e0688ac3accd6bbd4d1bb39a5532d4be\"},\"Resource\":\"arn:aws:s3:::portfolio-prod-bucket-9440/*\",\"Sid\":\"AllowCloudFrontAccess\"}],\"Version\":\"2012-10-17\"}"
          },
          "sensitive_attributes": [],
          "private": "bnVsbA==",
          "dependencies": [
            "module.cloudfront.aws_cloudfront_origin_access_identity.oai",
            "module.s3.aws_s3_bucket.website_bucket",
            "random_integer.random_id"
          ]
        }
      ]
    },
    {
      "module": "module.s3",
      "mode": "managed",
      "type": "aws_s3_bucket_public_access_block",
      "name": "static_site_private_access",
      "provider": "provider[\"registry.terraform.io/hashicorp/aws\"]",
      "instances": [
        {
          "schema_version": 0,
          "attributes": {
            "block_public_acls": true,
            "block_public_policy": true,
            "bucket": "portfolio-prod-bucket-9440",
            "id": "portfolio-prod-bucket-9440",
            "ignore_public_acls": true,
            "restrict_public_buckets": true
          },
          "sensitive_attributes": [],
          "private": "bnVsbA==",
          "dependencies": [
            "module.s3.aws_s3_bucket.website_bucket",
            "random_integer.random_id"
          ]
        }
      ]
    },
    {
      "module": "module.s3",
      "mode": "managed",
      "type": "aws_s3_object",
      "name": "files",
      "provider": "provider[\"registry.terraform.io/hashicorp/aws\"]",
      "instances": [
        {
          "index_key": "interactive_css",
          "schema_version": 0,
          "attributes": {
            "acl": "private",
            "bucket": "portfolio-prod-bucket-9440",
            "bucket_key_enabled": false,
            "cache_control": "",
            "content": null,
            "content_base64": null,
            "content_disposition": "",
            "content_encoding": "",
            "content_language": "",
            "content_type": "text/css",
            "etag": "3e71c89b31b167efb0889a8972b41b6c",
            "force_destroy": false,
            "id": "interactive/styles.css",
            "key": "interactive/styles.css",
            "kms_key_id": null,
            "metadata": {},
            "object_lock_legal_hold_status": "",
            "object_lock_mode": "",
            "object_lock_retain_until_date": "",
            "server_side_encryption": "AES256",
            "source": "../app/interactive/styles.css",
            "source_hash": null,
            "storage_class": "STANDARD",
            "tags": {},
            "tags_all": {},
            "version_id": "",
            "website_redirect": ""
          },
          "sensitive_attributes": [],
          "private": "bnVsbA==",
          "dependencies": [
            "local_file.script_file",
            "module.api_gateway.aws_api_gateway_rest_api.data_api",
            "module.cloudfront.aws_cloudfront_distribution.static_site_distribution",
            "module.cloudfront.aws_cloudfront_origin_access_identity.oai",
            "module.s3.aws_s3_bucket.website_bucket",
            "random_integer.random_id"
          ]
        },
        {
          "index_key": "interactive_js",
          "schema_version": 0,
          "attributes": {
            "acl": "private",
            "bucket": "portfolio-prod-bucket-9440",
            "bucket_key_enabled": false,
            "cache_control": "",
            "content": null,
            "content_base64": null,
            "content_disposition": "",
            "content_encoding": "",
            "content_language": "",
            "content_type": "application/javascript",
            "etag": "5e9551826e4321fc1360a8ac423d4d2a",
            "force_destroy": false,
            "id": "interactive/scripts/main.js",
            "key": "interactive/scripts/main.js",
            "kms_key_id": null,
            "metadata": {},
            "object_lock_legal_hold_status": "",
            "object_lock_mode": "",
            "object_lock_retain_until_date": "",
            "server_side_encryption": "AES256",
            "source": "../app/interactive/scripts/main.js",
            "source_hash": null,
            "storage_class": "STANDARD",
            "tags": {},
            "tags_all": {},
            "version_id": "",
            "website_redirect": ""
          },
          "sensitive_attributes": [],
          "private": "bnVsbA==",
          "dependencies": [
            "local_file.script_file",
            "module.api_gateway.aws_api_gateway_rest_api.data_api",
            "module.cloudfront.aws_cloudfront_distribution.static_site_distribution",
            "module.cloudfront.aws_cloudfront_origin_access_identity.oai",
            "module.s3.aws_s3_bucket.website_bucket",
            "random_integer.random_id"
          ]
        }
      ]
    },
    {
      "module": "module.secretsmanager",
      "mode": "managed",
      "type": "aws_secretsmanager_secret",
      "name": "spotify_secret",
      "provider": "provider[\"registry.terraform.io/hashicorp/aws\"]",
      "instances": [
        {
          "schema_version": 0,
          "attributes": {
            "arn": "arn:aws:secretsmanager:us-east-2:REDACTED_AWS_ACCOUNT:secret:SpotifyCredentials-geyXZb",
            "description": "",
            "force_overwrite_replica_secret": false,
            "id": "arn:aws:secretsmanager:us-east-2:REDACTED_AWS_ACCOUNT:secret:SpotifyCredentials-geyXZb",
            "kms_key_id": "",
            "name": "SpotifyCredentials",
            "name_prefix": "",
            "policy": "",
            "recovery_window_in_days": 30,
            "replica": [],
            "rotation_enabled": false,
            "rotation_lambda_arn": "",
            "rotation_rules": [],
            "tags": {},
            "tags_all": {}
          },
          "sensitive_attributes": [],
          "private": "bnVsbA=="
        }
      ]
    },
    {
      "module": "module.secretsmanager",
      "mode": "managed",
      "type": "aws_secretsmanager_secret_version",
      "name": "spotify_secret_version",
      "provider": "provider[\"registry.terraform.io/hashicorp/aws\"]",
      "instances": [
        {
          "schema_version": 0,
          "attributes": {
            "arn": "arn:aws:secretsmanager:us-east-2:REDACTED_AWS_ACCOUNT:secret:SpotifyCredentials-geyXZb",
            "id": "arn:aws:secretsmanager:us-east-2:REDACTED_AWS_ACCOUNT:secret:SpotifyCredentials-geyXZb|5A3D2E17-B931-458C-8BB6-857A798C0F58",
            "secret_binary": "",
            "secret_id": "arn:aws:secretsmanager:us-east-2:REDACTED_AWS_ACCOUNT:secret:SpotifyCredentials-geyXZb",
            "secret_string": "{\"SPOTIFY_CLIENT_ID\":\"spotify_client_id\",\"SPOTIFY_CLIENT_SECRET\":\"spotify_client_secret\"}",
            "version_id": "5A3D2E17-B931-458C-8BB6-857A798C0F58",
            "version_stages": [
              "AWSCURRENT"
            ]
          },
          "sensitive_attributes": [
            [
              {
                "type": "get_attr",
                "value": "secret_binary"
              }
            ],
            [
              {
                "type": "get_attr",
                "value": "secret_string"
              }
            ]
          ],
          "private": "bnVsbA==",
          "dependencies": [
            "module.secretsmanager.aws_secretsmanager_secret.spotify_secret"
          ]
        }
      ]
    },
    {
      "module": "module.sns",
      "mode": "managed",
      "type": "aws_cloudwatch_metric_alarm",
      "name": "lambda_error_alarm",
      "provider": "provider[\"registry.terraform.io/hashicorp/aws\"]",
      "instances": [
        {
          "schema_version": 1,
          "attributes": {
            "actions_enabled": true,
            "alarm_actions": [
              "arn:aws:sns:us-east-2:REDACTED_AWS_ACCOUNT:portfolio-prod-sns-topic"
            ],
            "alarm_description": "Triggers if the Lambda function returns errors",
            "alarm_name": "lambda-error-alarm",
            "arn": "arn:aws:cloudwatch:us-east-2:REDACTED_AWS_ACCOUNT:alarm:lambda-error-alarm",
            "comparison_operator": "GreaterThanThreshold",
            "datapoints_to_alarm": 0,
            "dimensions": {
              "FunctionName": "portfolio-prod-lambda-function"
            },
            "evaluate_low_sample_count_percentiles": "",
            "evaluation_periods": 1,
            "extended_statistic": "",
            "id": "lambda-error-alarm",
            "insufficient_data_actions": [],
            "metric_name": "Errors",
            "metric_query": [],
            "namespace": "AWS/Lambda",
            "ok_actions": [],
            "period": 300,
            "statistic": "Sum",
            "tags": {},
            "tags_all": {},
            "threshold": 0,
            "threshold_metric_id": "",
            "treat_missing_data": "missing",
            "unit": ""
          },
          "sensitive_attributes": [],
          "private": "eyJzY2hlbWFfdmVyc2lvbiI6IjEifQ==",
          "dependencies": [
            "module.sns.aws_sns_topic.lambda_failures"
          ]
        }
      ]
    },
    {
      "module": "module.sns",
      "mode": "managed",
      "type": "aws_sns_topic",
      "name": "lambda_failures",
      "provider": "provider[\"registry.terraform.io/hashicorp/aws\"]",
      "instances": [
        {
          "schema_version": 0,
          "attributes": {
            "application_failure_feedback_role_arn": "",
            "application_success_feedback_role_arn": "",
            "application_success_feedback_sample_rate": 0,
            "arn": "arn:aws:sns:us-east-2:REDACTED_AWS_ACCOUNT:portfolio-prod-sns-topic",
            "content_based_deduplication": false,
            "delivery_policy": "",
            "display_name": "",
            "fifo_topic": false,
            "firehose_failure_feedback_role_arn": "",
            "firehose_success_feedback_role_arn": "",
            "firehose_success_feedback_sample_rate": 0,
            "http_failure_feedback_role_arn": "",
            "http_success_feedback_role_arn": "",
            "http_success_feedback_sample_rate": 0,
            "id": "arn:aws:sns:us-east-2:REDACTED_AWS_ACCOUNT:portfolio-prod-sns-topic",
            "kms_master_key_id": "",
            "lambda_failure_feedback_role_arn": "",
            "lambda_success_feedback_role_arn": "",
            "lambda_success_feedback_sample_rate": 0,
            "name": "portfolio-prod-sns-topic",
            "name_prefix": "",
            "owner": "REDACTED_AWS_ACCOUNT",
            "policy": "{\"Id\":\"__default_policy_ID\",\"Statement\":[{\"Action\":[\"SNS:GetTopicAttributes\",\"SNS:SetTopicAttributes\",\"SNS:AddPermission\",\"SNS:RemovePermission\",\"SNS:DeleteTopic\",\"SNS:Subscribe\",\"SNS:ListSubscriptionsByTopic\",\"SNS:Publish\"],\"Condition\":{\"StringEquals\":{\"AWS:SourceOwner\":\"REDACTED_AWS_ACCOUNT\"}},\"Effect\":\"Allow\",\"Principal\":{\"AWS\":\"*\"},\"Resource\":\"arn:aws:sns:us-east-2:REDACTED_AWS_ACCOUNT:portfolio-prod-sns-topic\",\"Sid\":\"__default_statement_ID\"}],\"Version\":\"2008-10-17\"}",
            "signature_version": 0,
            "sqs_failure_feedback_role_arn": "",
            "sqs_success_feedback_role_arn": "",
            "sqs_success_feedback_sample_rate": 0,
            "tags": {},
            "tags_all": {},
            "tracing_config": ""
          },
          "sensitive_attributes": [],
          "private": "bnVsbA=="
        }
      ]
    },
    {
      "module": "module.sns",
      "mode": "managed",
      "type": "aws_sns_topic_subscription",
      "name": "email_subscription",
      "provider": "provider[\"registry.terraform.io/hashicorp/aws\"]",
      "instances": [
        {
          "schema_version": 0,
          "attributes": {
            "arn": "arn:aws:sns:us-east-2:REDACTED_AWS_ACCOUNT:portfolio-prod-sns-topic:2e9cb06c-ebb0-41a7-a74d-b5e306125319",
            "confirmation_timeout_in_minutes": 1,
            "confirmation_was_authenticated": false,
            "delivery_policy": "",
            "endpoint": "babasanmiadeyemi@gmail.com",
            "endpoint_auto_confirms": false,
            "filter_policy": "",
            "filter_policy_scope": "",
            "id": "arn:aws:sns:us-east-2:REDACTED_AWS_ACCOUNT:portfolio-prod-sns-topic:2e9cb06c-ebb0-41a7-a74d-b5e306125319",
            "owner_id": "REDACTED_AWS_ACCOUNT",
            "pending_confirmation": true,
            "protocol": "email",
            "raw_message_delivery": false,
            "redrive_policy": "",
            "subscription_role_arn": "",
            "topic_arn": "arn:aws:sns:us-east-2:REDACTED_AWS_ACCOUNT:portfolio-prod-sns-topic"
          },
          "sensitive_attributes": [],
          "private": "bnVsbA==",
          "dependencies": [
            "module.sns.aws_sns_topic.lambda_failures"
          ]
        }
      ]
    }
  ],
  "check_results": null
}
